
Microsoft Visual Studio Solution File, Format Version 12.00
# Visual Studio Version 16
VisualStudioVersion = 16.0.30621.155
MinimumVisualStudioVersion = 15.0.26124.0
Project("{9A19103F-16F7-4668-BE54-9A1E7A4F7556}") = "RetroGraph", ".\RetroGraph\RetroGraph.csproj", "{71E0BE92-D5FF-4EA6-B2C3-9D821C599509}"
EndProject
Project("{FAE04EC0-301F-11D3-BF4B-00C04F79EFBC}") = "IGraphics", ".\IGraphics\IGraphics.csproj", "{E1919850-8FA1-40B8-83AF-94D2B5EAF2BD}"
EndProject
Project("{FAE04EC0-301F-11D3-BF4B-00C04F79EFBC}") = "IHiddenLineGraphics", ".\IHiddenLine\IHiddenLineGraphics.csproj", "{0E00990D-C952-4319-AAB2-6F4A90F57301}"
EndProject
Global
	GlobalSection(SolutionConfigurationPlatforms) = preSolution
		Debug|Any CPU = Debug|Any CPU
		Debug|x64 = Debug|x64
		Debug|x86 = Debug|x86
		Release|Any CPU = Release|Any CPU
		Release|x64 = Release|x64
		Release|x86 = Release|x86
	EndGlobalSection
	GlobalSection(ProjectConfigurationPlatforms) = postSolution
		{71E0BE92-D5FF-4EA6-B2C3-9D821C599509}.Debug|Any CPU.ActiveCfg = Debug|Any CPU
		{71E0BE92-D5FF-4EA6-B2C3-9D821C599509}.Debug|Any CPU.Build.0 = Debug|Any CPU
		{71E0BE92-D5FF-4EA6-B2C3-9D821C599509}.Debug|x64.ActiveCfg = Debug|Any CPU
		{71E0BE92-D5FF-4EA6-B2C3-9D821C599509}.Debug|x64.Build.0 = Debug|Any CPU
		{71E0BE92-D5FF-4EA6-B2C3-9D821C599509}.Debug|x86.ActiveCfg = Debug|Any CPU
		{71E0BE92-D5FF-4EA6-B2C3-9D821C599509}.Debug|x86.Build.0 = Debug|Any CPU
		{71E0BE92-D5FF-4EA6-B2C3-9D821C599509}.Release|Any CPU.ActiveCfg = Release|Any CPU
		{71E0BE92-D5FF-4EA6-B2C3-9D821C599509}.Release|Any CPU.Build.0 = Release|Any CPU
		{71E0BE92-D5FF-4EA6-B2C3-9D821C599509}.Release|x64.ActiveCfg = Release|Any CPU
		{71E0BE92-D5FF-4EA6-B2C3-9D821C599509}.Release|x64.Build.0 = Release|Any CPU
		{71E0BE92-D5FF-4EA6-B2C3-9D821C599509}.Release|x86.ActiveCfg = Release|Any CPU
		{71E0BE92-D5FF-4EA6-B2C3-9D821C599509}.Release|x86.Build.0 = Release|Any CPU
		{E1919850-8FA1-40B8-83AF-94D2B5EAF2BD}.Debug|Any CPU.ActiveCfg = Debug|Any CPU
		{E1919850-8FA1-40B8-83AF-94D2B5EAF2BD}.Debug|Any CPU.Build.0 = Debug|Any CPU
		{E1919850-8FA1-40B8-83AF-94D2B5EAF2BD}.Debug|x64.ActiveCfg = Debug|Any CPU
		{E1919850-8FA1-40B8-83AF-94D2B5EAF2BD}.Debug|x64.Build.0 = Debug|Any CPU
		{E1919850-8FA1-40B8-83AF-94D2B5EAF2BD}.Debug|x86.ActiveCfg = Debug|Any CPU
		{E1919850-8FA1-40B8-83AF-94D2B5EAF2BD}.Debug|x86.Build.0 = Debug|Any CPU
		{E1919850-8FA1-40B8-83AF-94D2B5EAF2BD}.Release|Any CPU.ActiveCfg = Release|Any CPU
		{E1919850-8FA1-40B8-83AF-94D2B5EAF2BD}.Release|Any CPU.Build.0 = Release|Any CPU
		{E1919850-8FA1-40B8-83AF-94D2B5EAF2BD}.Release|x64.ActiveCfg = Release|Any CPU
		{E1919850-8FA1-40B8-83AF-94D2B5EAF2BD}.Release|x64.Build.0 = Release|Any CPU
		{E1919850-8FA1-40B8-83AF-94D2B5EAF2BD}.Release|x86.ActiveCfg = Release|Any CPU
		{E1919850-8FA1-40B8-83AF-94D2B5EAF2BD}.Release|x86.Build.0 = Release|Any CPU
		{0E00990D-C952-4319-AAB2-6F4A90F57301}.Debug|Any CPU.ActiveCfg = Debug|Any CPU
		{0E00990D-C952-4319-AAB2-6F4A90F57301}.Debug|Any CPU.Build.0 = Debug|Any CPU
		{0E00990D-C952-4319-AAB2-6F4A90F57301}.Debug|x64.ActiveCfg = Debug|Any CPU
		{0E00990D-C952-4319-AAB2-6F4A90F57301}.Debug|x64.Build.0 = Debug|Any CPU
		{0E00990D-C952-4319-AAB2-6F4A90F57301}.Debug|x86.ActiveCfg = Debug|Any CPU
		{0E00990D-C952-4319-AAB2-6F4A90F57301}.Debug|x86.Build.0 = Debug|Any CPU
		{0E00990D-C952-4319-AAB2-6F4A90F57301}.Release|Any CPU.ActiveCfg = Release|Any CPU
		{0E00990D-C952-4319-AAB2-6F4A90F57301}.Release|Any CPU.Build.0 = Release|Any CPU
		{0E00990D-C952-4319-AAB2-6F4A90F57301}.Release|x64.ActiveCfg = Release|Any CPU
		{0E00990D-C952-4319-AAB2-6F4A90F57301}.Release|x64.Build.0 = Release|Any CPU
		{0E00990D-C952-4319-AAB2-6F4A90F57301}.Release|x86.ActiveCfg = Release|Any CPU
		{0E00990D-C952-4319-AAB2-6F4A90F57301}.Release|x86.Build.0 = Release|Any CPU
	EndGlobalSection
	GlobalSection(SolutionProperties) = preSolution
		HideSolutionNode = FALSE
	EndGlobalSection
	GlobalSection(ExtensibilityGlobals) = postSolution
		SolutionGuid = {40C1D1BB-4CF4-429C-B926-339108E8092C}
	EndGlobalSection
EndGlobal
